// !$*UTF8*$!
{
	archiveVersion = 1;
	classes = {
	};
	objectVersion = 46;
	objects = {

/* Begin PBXBuildFile section */
		FA030A391F10FE0100027CD4 /* AppDelegate.swift in Sources */ = {isa = PBXBuildFile; fileRef = FA030A381F10FE0100027CD4 /* AppDelegate.swift */; };
		FA030A3B1F10FE0100027CD4 /* ViewController.swift in Sources */ = {isa = PBXBuildFile; fileRef = FA030A3A1F10FE0100027CD4 /* ViewController.swift */; };
		FA030A3E1F10FE0100027CD4 /* Main.storyboard in Resources */ = {isa = PBXBuildFile; fileRef = FA030A3C1F10FE0100027CD4 /* Main.storyboard */; };
		FA030A401F10FE0100027CD4 /* Assets.xcassets in Resources */ = {isa = PBXBuildFile; fileRef = FA030A3F1F10FE0100027CD4 /* Assets.xcassets */; };
		FA030A431F10FE0200027CD4 /* LaunchScreen.storyboard in Resources */ = {isa = PBXBuildFile; fileRef = FA030A411F10FE0200027CD4 /* LaunchScreen.storyboard */; };
/* End PBXBuildFile section */

/* Begin PBXFileReference section */
		FA030A351F10FE0100027CD4 /* match.app */ = {isa = PBXFileReference; explicitFileType = wrapper.application; includeInIndex = 0; path = match.app; sourceTree = BUILT_PRODUCTS_DIR; };
		FA030A381F10FE0100027CD4 /* AppDelegate.swift */ = {isa = PBXFileReference; lastKnownFileType = sourcecode.swift; path = AppDelegate.swift; sourceTree = "<group>"; };
		FA030A3A1F10FE0100027CD4 /* ViewController.swift */ = {isa = PBXFileReference; lastKnownFileType = sourcecode.swift; path = ViewController.swift; sourceTree = "<group>"; };
		FA030A3D1F10FE0100027CD4 /* Base */ = {isa = PBXFileReference; lastKnownFileType = file.storyboard; name = Base; path = Base.lproj/Main.storyboard; sourceTree = "<group>"; };
		FA030A3F1F10FE0100027CD4 /* Assets.xcassets */ = {isa = PBXFileReference; lastKnownFileType = folder.assetcatalog; path = Assets.xcassets; sourceTree = "<group>"; };
		FA030A421F10FE0200027CD4 /* Base */ = {isa = PBXFileReference; lastKnownFileType = file.storyboard; name = Base; path = Base.lproj/LaunchScreen.storyboard; sourceTree = "<group>"; };
		FA030A441F10FE0200027CD4 /* Info.plist */ = {isa = PBXFileReference; lastKnownFileType = text.plist.xml; path = Info.plist; sourceTree = "<group>"; };
/* End PBXFileReference section */

/* Begin PBXFrameworksBuildPhase section */
		FA030A321F10FE0100027CD4 /* Frameworks */ = {
			isa = PBXFrameworksBuildPhase;
			buildActionMask = 2147483647;
			files = (
			);
			runOnlyForDeploymentPostprocessing = 0;
		};
/* End PBXFrameworksBuildPhase section */

/* Begin PBXGroup section */
		FA030A2C1F10FE0100027CD4 = {
			isa = PBXGroup;
			children = (
				FA030A371F10FE0100027CD4 /* match */,
				FA030A361F10FE0100027CD4 /* Products */,
			);
			sourceTree = "<group>";
		};
		FA030A361F10FE0100027CD4 /* Products */ = {
			isa = PBXGroup;
			children = (
				FA030A351F10FE0100027CD4 /* match.app */,
			);
			name = Products;
			sourceTree = "<group>";
		};
		FA030A371F10FE0100027CD4 /* match */ = {
			isa = PBXGroup;
			children = (
				FA030A381F10FE0100027CD4 /* AppDelegate.swift */,
				FA030A3A1F10FE0100027CD4 /* ViewController.swift */,
				FA030A3C1F10FE0100027CD4 /* Main.storyboard */,
				FA030A3F1F10FE0100027CD4 /* Assets.xcassets */,
				FA030A411F10FE0200027CD4 /* LaunchScreen.storyboard */,
				FA030A441F10FE0200027CD4 /* Info.plist */,
			);
			path = match;
			sourceTree = "<group>";
		};
/* End PBXGroup section */

/* Begin PBXNativeTarget section */
		FA030A341F10FE0100027CD4 /* match */ = {
			isa = PBXNativeTarget;
			buildConfigurationList = FA030A471F10FE0200027CD4 /* Build configuration list for PBXNativeTarget "match" */;
			buildPhases = (
				FA030A311F10FE0100027CD4 /* Sources */,
				FA030A321F10FE0100027CD4 /* Frameworks */,
				FA030A331F10FE0100027CD4 /* Resources */,
			);
			buildRules = (
			);
			dependencies = (
			);
			name = match;
			productName = match;
			productReference = FA030A351F10FE0100027CD4 /* match.app */;
			productType = "com.apple.product-type.application";
		};
/* End PBXNativeTarget section */

/* Begin PBXProject section */
		FA030A2D1F10FE0100027CD4 /* Project object */ = {
			isa = PBXProject;
			attributes = {
				LastSwiftUpdateCheck = 0830;
				LastUpgradeCheck = 0830;
				ORGANIZATIONNAME = "Hiroki Tanaka";
				TargetAttributes = {
					FA030A341F10FE0100027CD4 = {
						CreatedOnToolsVersion = 8.3.3;
						ProvisioningStyle = Automatic;
					};
				};
			};
			buildConfigurationList = FA030A301F10FE0100027CD4 /* Build configuration list for PBXProject "match" */;
			compatibilityVersion = "Xcode 3.2";
			developmentRegion = English;
			hasScannedForEncodings = 0;
			knownRegions = (
				en,
				Base,
			);
			mainGroup = FA030A2C1F10FE0100027CD4;
			productRefGroup = FA030A361F10FE0100027CD4 /* Products */;
			projectDirPath = "";
			projectRoot = "";
			targets = (
				FA030A341F10FE0100027CD4 /* match */,
			);
		};
/* End PBXProject section */

/* Begin PBXResourcesBuildPhase section */
		FA030A331F10FE0100027CD4 /* Resources */ = {
			isa = PBXResourcesBuildPhase;
			buildActionMask = 2147483647;
			files = (
				FA030A431F10FE0200027CD4 /* LaunchScreen.storyboard in Resources */,
				FA030A401F10FE0100027CD4 /* Assets.xcassets in Resources */,
				FA030A3E1F10FE0100027CD4 /* Main.storyboard in Resources */,
			);
			runOnlyForDeploymentPostprocessing = 0;
		};
/* End PBXResourcesBuildPhase section */

/* Begin PBXSourcesBuildPhase section */
		FA030A311F10FE0100027CD4 /* Sources */ = {
			isa = PBXSourcesBuildPhase;
			buildActionMask = 2147483647;
			files = (
				FA030A3B1F10FE0100027CD4 /* ViewController.swift in Sources */,
				FA030A391F10FE0100027CD4 /* AppDelegate.swift in Sources */,
			);
			runOnlyForDeploymentPostprocessing = 0;
		};
/* End PBXSourcesBuildPhase section */

/* Begin PBXVariantGroup section */
		FA030A3C1F10FE0100027CD4 /* Main.storyboard */ = {
			isa = PBXVariantGroup;
			children = (
				FA030A3D1F10FE0100027CD4 /* Base */,
			);
			name = Main.storyboard;
			sourceTree = "<group>";
		};
		FA030A411F10FE0200027CD4 /* LaunchScreen.storyboard */ = {
			isa = PBXVariantGroup;
			children = (
				FA030A421F10FE0200027CD4 /* Base */,
			);
			name = LaunchScreen.storyboard;
			sourceTree = "<group>";
		};
/* End PBXVariantGroup section */

/* Begin XCBuildConfiguration section */
		FA030A451F10FE0200027CD4 /* Debug */ = {
			isa = XCBuildConfiguration;
			buildSettings = {
				ALWAYS_SEARCH_USER_PATHS = NO;
				CLANG_ANALYZER_NONNULL = YES;
				CLANG_ANALYZER_NUMBER_OBJECT_CONVERSION = YES_AGGRESSIVE;
				CLANG_CXX_LANGUAGE_STANDARD = "gnu++0x";
				CLANG_CXX_LIBRARY = "libc++";
				CLANG_ENABLE_MODULES = YES;
				CLANG_ENABLE_OBJC_ARC = YES;
				CLANG_WARN_BOOL_CONVERSION = YES;
				CLANG_WARN_CONSTANT_CONVERSION = YES;
				CLANG_WARN_DIRECT_OBJC_ISA_USAGE = YES_ERROR;
				CLANG_WARN_DOCUMENTATION_COMMENTS = YES;
				CLANG_WARN_EMPTY_BODY = YES;
				CLANG_WARN_ENUM_CONVERSION = YES;
				CLANG_WARN_INFINITE_RECURSION = YES;
				CLANG_WARN_INT_CONVERSION = YES;
				CLANG_WARN_OBJC_ROOT_CLASS = YES_ERROR;
				CLANG_WARN_SUSPICIOUS_MOVE = YES;
				CLANG_WARN_UNREACHABLE_CODE = YES;
				CLANG_WARN__DUPLICATE_METHOD_MATCH = YES;
				"CODE_SIGN_IDENTITY[sdk=iphoneos*]" = "iPhone Developer";
				COPY_PHASE_STRIP = NO;
				DEBUG_INFORMATION_FORMAT = dwarf;
				ENABLE_STRICT_OBJC_MSGSEND = YES;
				ENABLE_TESTABILITY = YES;
				GCC_C_LANGUAGE_STANDARD = gnu99;
				GCC_DYNAMIC_NO_PIC = NO;
				GCC_NO_COMMON_BLOCKS = YES;
				GCC_OPTIMIZATION_LEVEL = 0;
				GCC_PREPROCESSOR_DEFINITIONS = (
					"DEBUG=1",
					"$(inherited)",
				);
				GCC_WARN_64_TO_32_BIT_CONVERSION = YES;
				GCC_WARN_ABOUT_RETURN_TYPE = YES_ERROR;
				GCC_WARN_UNDECLARED_SELECTOR = YES;
				GCC_WARN_UNINITIALIZED_AUTOS = YES_AGGRESSIVE;
				GCC_WARN_UNUSED_FUNCTION = YES;
				GCC_WARN_UNUSED_VARIABLE = YES;
				IPHONEOS_DEPLOYMENT_TARGET = 10.3;
				MTL_ENABLE_DEBUG_INFO = YES;
				ONLY_ACTIVE_ARCH = YES;
				SDKROOT = iphoneos;
				SWIFT_ACTIVE_COMPILATION_CONDITIONS = DEBUG;
				SWIFT_OPTIMIZATION_LEVEL = "-Onone";
				TARGETED_DEVICE_FAMILY = "1,2";
			};
			name = Debug;
		};
		FA030A461F10FE0200027CD4 /* Release */ = {
			isa = XCBuildConfiguration;
			buildSettings = {
				ALWAYS_SEARCH_USER_PATHS = NO;
				CLANG_ANALYZER_NONNULL = YES;
				CLANG_ANALYZER_NUMBER_OBJECT_CONVERSION = YES_AGGRESSIVE;
				CLANG_CXX_LANGUAGE_STANDARD = "gnu++0x";
				CLANG_CXX_LIBRARY = "libc++";
				CLANG_ENABLE_MODULES = YES;
				CLANG_ENABLE_OBJC_ARC = YES;
				CLANG_WARN_BOOL_CONVERSION = YES;
				CLANG_WARN_CONSTANT_CONVERSION = YES;
				CLANG_WARN_DIRECT_OBJC_ISA_USAGE = YES_ERROR;
				CLANG_WARN_DOCUMENTATION_COMMENTS = YES;
				CLANG_WARN_EMPTY_BODY = YES;
				CLANG_WARN_ENUM_CONVERSION = YES;
				CLANG_WARN_INFINITE_RECURSION = YES;
				CLANG_WARN_INT_CONVERSION = YES;
				CLANG_WARN_OBJC_ROOT_CLASS = YES_ERROR;
				CLANG_WARN_SUSPICIOUS_MOVE = YES;
				CLANG_WARN_UNREACHABLE_CODE = YES;
				CLANG_WARN__DUPLICATE_METHOD_MATCH = YES;
				"CODE_SIGN_IDENTITY[sdk=iphoneos*]" = "iPhone Developer";
				COPY_PHASE_STRIP = NO;
				DEBUG_INFORMATION_FORMAT = "dwarf-with-dsym";
				ENABLE_NS_ASSERTIONS = NO;
				ENABLE_STRICT_OBJC_MSGSEND = YES;
				GCC_C_LANGUAGE_STANDARD = gnu99;
				GCC_NO_COMMON_BLOCKS = YES;
				GCC_WARN_64_TO_32_BIT_CONVERSION = YES;
				GCC_WARN_ABOUT_RETURN_TYPE = YES_ERROR;
				GCC_WARN_UNDECLARED_SELECTOR = YES;
				GCC_WARN_UNINITIALIZED_AUTOS = YES_AGGRESSIVE;
				GCC_WARN_UNUSED_FUNCTION = YES;
				GCC_WARN_UNUSED_VARIABLE = YES;
				IPHONEOS_DEPLOYMENT_TARGET = 10.3;
				MTL_ENABLE_DEBUG_INFO = NO;
				SDKROOT = iphoneos;
				SWIFT_OPTIMIZATION_LEVEL = "-Owholemodule";
				TARGETED_DEVICE_FAMILY = "1,2";
				VALIDATE_PRODUCT = YES;
			};
			name = Release;
		};
		FA030A481F10FE0200027CD4 /* Debug */ = {
			isa = XCBuildConfiguration;
			buildSettings = {
				ASSETCATALOG_COMPILER_APPICON_NAME = AppIcon;
				INFOPLIST_FILE = match/Info.plist;
				LD_RUNPATH_SEARCH_PATHS = "$(inherited) @executable_path/Frameworks";
				PRODUCT_BUNDLE_IDENTIFIER = team.cobol.match;
				PRODUCT_NAME = "$(TARGET_NAME)";
				SWIFT_VERSION = 3.0;
			};
			name = Debug;
		};
		FA030A491F10FE0200027CD4 /* Release */ = {
			isa = XCBuildConfiguration;
			buildSettings = {
				ASSETCATALOG_COMPILER_APPICON_NAME = AppIcon;
				INFOPLIST_FILE = match/Info.plist;
				LD_RUNPATH_SEARCH_PATHS = "$(inherited) @executable_path/Frameworks";
				PRODUCT_BUNDLE_IDENTIFIER = team.cobol.match;
				PRODUCT_NAME = "$(TARGET_NAME)";
				SWIFT_VERSION = 3.0;
			};
			name = Release;
		};
/* End XCBuildConfiguration section */

/* Begin XCConfigurationList section */
		FA030A301F10FE0100027CD4 /* Build configuration list for PBXProject "match" */ = {
			isa = XCConfigurationList;
			buildConfigurations = (
				FA030A451F10FE0200027CD4 /* Debug */,
				FA030A461F10FE0200027CD4 /* Release */,
			);
			defaultConfigurationIsVisible = 0;
			defaultConfigurationName = Release;
		};
		FA030A471F10FE0200027CD4 /* Build configuration list for PBXNativeTarget "match" */ = {
			isa = XCConfigurationList;
			buildConfigurations = (
				FA030A481F10FE0200027CD4 /* Debug */,
				FA030A491F10FE0200027CD4 /* Release */,
			);
			defaultConfigurationIsVisible = 0;
		};
/* End XCConfigurationList section */
	};
	rootObject = FA030A2D1F10FE0100027CD4 /* Project object */;
}
